
Microsoft Visual Studio Solution File, Format Version 12.00
# Visual Studio 14
VisualStudioVersion = 14.0.25420.1
MinimumVisualStudioVersion = 10.0.40219.1
Project("{8BC9CEB8-8B4A-11D0-8D11-00A0C91BC942}") = "Variables", "Variables\Variables.vcxproj", "{9A656B99-0492-4630-975D-2BC704937413}"
EndProject
Project("{8BC9CEB8-8B4A-11D0-8D11-00A0C91BC942}") = "Swapper", "Swapper\Swapper.vcxproj", "{DD789AB9-41BE-42AB-953D-D57C3A1C27C3}"
EndProject
Project("{8BC9CEB8-8B4A-11D0-8D11-00A0C91BC942}") = "FiveNumberAverage", "FiveNumberAverage\FiveNumberAverage.vcxproj", "{E9ABD922-8398-405B-9BC0-9D67190E03B1}"
EndProject
Project("{8BC9CEB8-8B4A-11D0-8D11-00A0C91BC942}") = "AlphabetAverage", "AlphabetAverage\AlphabetAverage.vcxproj", "{085AD02A-4A23-479D-9FF7-E916FB8BC8CC}"
EndProject
Project("{8BC9CEB8-8B4A-11D0-8D11-00A0C91BC942}") = "TestProgram", "TestProgram\TestProgram.vcxproj", "{B1387801-C1A1-4371-BFB3-B9D1D9188D24}"
EndProject
Project("{8BC9CEB8-8B4A-11D0-8D11-00A0C91BC942}") = "LargerOfTwo", "LargerOfTwo\LargerOfTwo.vcxproj", "{4D5734E0-554B-4363-B8B7-C19B7F7F4B5B}"
EndProject
Project("{8BC9CEB8-8B4A-11D0-8D11-00A0C91BC942}") = "FiveNumberTango", "FiveNumberTango\FiveNumberTango.vcxproj", "{B2E397AB-83AE-4C46-808D-DF8D2A903BC8}"
EndProject
Project("{8BC9CEB8-8B4A-11D0-8D11-00A0C91BC942}") = "MathBot", "MathBot\MathBot.vcxproj", "{AAC09E82-875F-49C0-B4CE-35A15EE74B3B}"
EndProject
Project("{8BC9CEB8-8B4A-11D0-8D11-00A0C91BC942}") = "monthNumber", "monthNumber\monthNumber.vcxproj", "{FC10855F-989D-44F8-955A-C976E4A3FDB8}"
EndProject
Project("{8BC9CEB8-8B4A-11D0-8D11-00A0C91BC942}") = "LoopEX1", "LoopEX1\LoopEX1.vcxproj", "{11362BDF-89B2-4108-8341-FD9DC3272262}"
EndProject
Project("{8BC9CEB8-8B4A-11D0-8D11-00A0C91BC942}") = "LoopEX2", "LoopEX2\LoopEX2.vcxproj", "{D68D07D0-1DDA-4E61-87A9-6F91D2C5F398}"
EndProject
Project("{8BC9CEB8-8B4A-11D0-8D11-00A0C91BC942}") = "LoopEX3", "LoopEX3\LoopEX3.vcxproj", "{D08B7B04-CD0E-46CA-BD75-5CB677BAA40C}"
EndProject
Project("{8BC9CEB8-8B4A-11D0-8D11-00A0C91BC942}") = "LoopEX4", "LoopEX4\LoopEX4.vcxproj", "{2C26D38C-352B-4D51-B905-AC7A45B3FA87}"
EndProject
Project("{8BC9CEB8-8B4A-11D0-8D11-00A0C91BC942}") = "ArrayTemp", "ArrayTemp\ArrayTemp.vcxproj", "{046E3CE4-94F2-4776-92EB-06EEB1E2AD6F}"
EndProject
Project("{8BC9CEB8-8B4A-11D0-8D11-00A0C91BC942}") = "ArrayTemp2", "ArrayTemp2\ArrayTemp2.vcxproj", "{10212593-28F7-4778-A1D4-621CF5467214}"
EndProject
Project("{8BC9CEB8-8B4A-11D0-8D11-00A0C91BC942}") = "Array3", "Array3\Array3.vcxproj", "{72471537-FCE8-4DF4-B9CD-BB5A4F5B85C2}"
EndProject
Project("{8BC9CEB8-8B4A-11D0-8D11-00A0C91BC942}") = "Challenge", "Challenge\Challenge.vcxproj", "{F32D1D8F-F38D-4C66-95F1-C4CAC2288783}"
EndProject
Project("{8BC9CEB8-8B4A-11D0-8D11-00A0C91BC942}") = "Displace", "Displace\Displace.vcxproj", "{135B18B8-5D05-4A30-90D5-2B8E1021ACFC}"
EndProject
Project("{8BC9CEB8-8B4A-11D0-8D11-00A0C91BC942}") = "Collatz", "Collatz\Collatz.vcxproj", "{B55C384C-9FFA-4464-AE4A-9073414A470E}"
EndProject
Global
	GlobalSection(SolutionConfigurationPlatforms) = preSolution
		Debug|x64 = Debug|x64
		Debug|x86 = Debug|x86
		Release|x64 = Release|x64
		Release|x86 = Release|x86
	EndGlobalSection
	GlobalSection(ProjectConfigurationPlatforms) = postSolution
		{9A656B99-0492-4630-975D-2BC704937413}.Debug|x64.ActiveCfg = Debug|x64
		{9A656B99-0492-4630-975D-2BC704937413}.Debug|x64.Build.0 = Debug|x64
		{9A656B99-0492-4630-975D-2BC704937413}.Debug|x86.ActiveCfg = Debug|Win32
		{9A656B99-0492-4630-975D-2BC704937413}.Debug|x86.Build.0 = Debug|Win32
		{9A656B99-0492-4630-975D-2BC704937413}.Release|x64.ActiveCfg = Release|x64
		{9A656B99-0492-4630-975D-2BC704937413}.Release|x64.Build.0 = Release|x64
		{9A656B99-0492-4630-975D-2BC704937413}.Release|x86.ActiveCfg = Release|Win32
		{9A656B99-0492-4630-975D-2BC704937413}.Release|x86.Build.0 = Release|Win32
		{DD789AB9-41BE-42AB-953D-D57C3A1C27C3}.Debug|x64.ActiveCfg = Debug|x64
		{DD789AB9-41BE-42AB-953D-D57C3A1C27C3}.Debug|x64.Build.0 = Debug|x64
		{DD789AB9-41BE-42AB-953D-D57C3A1C27C3}.Debug|x86.ActiveCfg = Debug|Win32
		{DD789AB9-41BE-42AB-953D-D57C3A1C27C3}.Debug|x86.Build.0 = Debug|Win32
		{DD789AB9-41BE-42AB-953D-D57C3A1C27C3}.Release|x64.ActiveCfg = Release|x64
		{DD789AB9-41BE-42AB-953D-D57C3A1C27C3}.Release|x64.Build.0 = Release|x64
		{DD789AB9-41BE-42AB-953D-D57C3A1C27C3}.Release|x86.ActiveCfg = Release|Win32
		{DD789AB9-41BE-42AB-953D-D57C3A1C27C3}.Release|x86.Build.0 = Release|Win32
		{E9ABD922-8398-405B-9BC0-9D67190E03B1}.Debug|x64.ActiveCfg = Debug|x64
		{E9ABD922-8398-405B-9BC0-9D67190E03B1}.Debug|x64.Build.0 = Debug|x64
		{E9ABD922-8398-405B-9BC0-9D67190E03B1}.Debug|x86.ActiveCfg = Debug|Win32
		{E9ABD922-8398-405B-9BC0-9D67190E03B1}.Debug|x86.Build.0 = Debug|Win32
		{E9ABD922-8398-405B-9BC0-9D67190E03B1}.Release|x64.ActiveCfg = Release|x64
		{E9ABD922-8398-405B-9BC0-9D67190E03B1}.Release|x64.Build.0 = Release|x64
		{E9ABD922-8398-405B-9BC0-9D67190E03B1}.Release|x86.ActiveCfg = Release|Win32
		{E9ABD922-8398-405B-9BC0-9D67190E03B1}.Release|x86.Build.0 = Release|Win32
		{085AD02A-4A23-479D-9FF7-E916FB8BC8CC}.Debug|x64.ActiveCfg = Debug|x64
		{085AD02A-4A23-479D-9FF7-E916FB8BC8CC}.Debug|x64.Build.0 = Debug|x64
		{085AD02A-4A23-479D-9FF7-E916FB8BC8CC}.Debug|x86.ActiveCfg = Debug|Win32
		{085AD02A-4A23-479D-9FF7-E916FB8BC8CC}.Debug|x86.Build.0 = Debug|Win32
		{085AD02A-4A23-479D-9FF7-E916FB8BC8CC}.Release|x64.ActiveCfg = Release|x64
		{085AD02A-4A23-479D-9FF7-E916FB8BC8CC}.Release|x64.Build.0 = Release|x64
		{085AD02A-4A23-479D-9FF7-E916FB8BC8CC}.Release|x86.ActiveCfg = Release|Win32
		{085AD02A-4A23-479D-9FF7-E916FB8BC8CC}.Release|x86.Build.0 = Release|Win32
		{B1387801-C1A1-4371-BFB3-B9D1D9188D24}.Debug|x64.ActiveCfg = Debug|x64
		{B1387801-C1A1-4371-BFB3-B9D1D9188D24}.Debug|x64.Build.0 = Debug|x64
		{B1387801-C1A1-4371-BFB3-B9D1D9188D24}.Debug|x86.ActiveCfg = Debug|Win32
		{B1387801-C1A1-4371-BFB3-B9D1D9188D24}.Debug|x86.Build.0 = Debug|Win32
		{B1387801-C1A1-4371-BFB3-B9D1D9188D24}.Release|x64.ActiveCfg = Release|x64
		{B1387801-C1A1-4371-BFB3-B9D1D9188D24}.Release|x64.Build.0 = Release|x64
		{B1387801-C1A1-4371-BFB3-B9D1D9188D24}.Release|x86.ActiveCfg = Release|Win32
		{B1387801-C1A1-4371-BFB3-B9D1D9188D24}.Release|x86.Build.0 = Release|Win32
		{4D5734E0-554B-4363-B8B7-C19B7F7F4B5B}.Debug|x64.ActiveCfg = Debug|x64
		{4D5734E0-554B-4363-B8B7-C19B7F7F4B5B}.Debug|x64.Build.0 = Debug|x64
		{4D5734E0-554B-4363-B8B7-C19B7F7F4B5B}.Debug|x86.ActiveCfg = Debug|Win32
		{4D5734E0-554B-4363-B8B7-C19B7F7F4B5B}.Debug|x86.Build.0 = Debug|Win32
		{4D5734E0-554B-4363-B8B7-C19B7F7F4B5B}.Release|x64.ActiveCfg = Release|x64
		{4D5734E0-554B-4363-B8B7-C19B7F7F4B5B}.Release|x64.Build.0 = Release|x64
		{4D5734E0-554B-4363-B8B7-C19B7F7F4B5B}.Release|x86.ActiveCfg = Release|Win32
		{4D5734E0-554B-4363-B8B7-C19B7F7F4B5B}.Release|x86.Build.0 = Release|Win32
		{B2E397AB-83AE-4C46-808D-DF8D2A903BC8}.Debug|x64.ActiveCfg = Debug|x64
		{B2E397AB-83AE-4C46-808D-DF8D2A903BC8}.Debug|x64.Build.0 = Debug|x64
		{B2E397AB-83AE-4C46-808D-DF8D2A903BC8}.Debug|x86.ActiveCfg = Debug|Win32
		{B2E397AB-83AE-4C46-808D-DF8D2A903BC8}.Debug|x86.Build.0 = Debug|Win32
		{B2E397AB-83AE-4C46-808D-DF8D2A903BC8}.Release|x64.ActiveCfg = Release|x64
		{B2E397AB-83AE-4C46-808D-DF8D2A903BC8}.Release|x64.Build.0 = Release|x64
		{B2E397AB-83AE-4C46-808D-DF8D2A903BC8}.Release|x86.ActiveCfg = Release|Win32
		{B2E397AB-83AE-4C46-808D-DF8D2A903BC8}.Release|x86.Build.0 = Release|Win32
		{AAC09E82-875F-49C0-B4CE-35A15EE74B3B}.Debug|x64.ActiveCfg = Debug|x64
		{AAC09E82-875F-49C0-B4CE-35A15EE74B3B}.Debug|x64.Build.0 = Debug|x64
		{AAC09E82-875F-49C0-B4CE-35A15EE74B3B}.Debug|x86.ActiveCfg = Debug|Win32
		{AAC09E82-875F-49C0-B4CE-35A15EE74B3B}.Debug|x86.Build.0 = Debug|Win32
		{AAC09E82-875F-49C0-B4CE-35A15EE74B3B}.Release|x64.ActiveCfg = Release|x64
		{AAC09E82-875F-49C0-B4CE-35A15EE74B3B}.Release|x64.Build.0 = Release|x64
		{AAC09E82-875F-49C0-B4CE-35A15EE74B3B}.Release|x86.ActiveCfg = Release|Win32
		{AAC09E82-875F-49C0-B4CE-35A15EE74B3B}.Release|x86.Build.0 = Release|Win32
		{FC10855F-989D-44F8-955A-C976E4A3FDB8}.Debug|x64.ActiveCfg = Debug|x64
		{FC10855F-989D-44F8-955A-C976E4A3FDB8}.Debug|x64.Build.0 = Debug|x64
		{FC10855F-989D-44F8-955A-C976E4A3FDB8}.Debug|x86.ActiveCfg = Debug|Win32
		{FC10855F-989D-44F8-955A-C976E4A3FDB8}.Debug|x86.Build.0 = Debug|Win32
		{FC10855F-989D-44F8-955A-C976E4A3FDB8}.Release|x64.ActiveCfg = Release|x64
		{FC10855F-989D-44F8-955A-C976E4A3FDB8}.Release|x64.Build.0 = Release|x64
		{FC10855F-989D-44F8-955A-C976E4A3FDB8}.Release|x86.ActiveCfg = Release|Win32
		{FC10855F-989D-44F8-955A-C976E4A3FDB8}.Release|x86.Build.0 = Release|Win32
		{11362BDF-89B2-4108-8341-FD9DC3272262}.Debug|x64.ActiveCfg = Debug|x64
		{11362BDF-89B2-4108-8341-FD9DC3272262}.Debug|x64.Build.0 = Debug|x64
		{11362BDF-89B2-4108-8341-FD9DC3272262}.Debug|x86.ActiveCfg = Debug|Win32
		{11362BDF-89B2-4108-8341-FD9DC3272262}.Debug|x86.Build.0 = Debug|Win32
		{11362BDF-89B2-4108-8341-FD9DC3272262}.Release|x64.ActiveCfg = Release|x64
		{11362BDF-89B2-4108-8341-FD9DC3272262}.Release|x64.Build.0 = Release|x64
		{11362BDF-89B2-4108-8341-FD9DC3272262}.Release|x86.ActiveCfg = Release|Win32
		{11362BDF-89B2-4108-8341-FD9DC3272262}.Release|x86.Build.0 = Release|Win32
		{D68D07D0-1DDA-4E61-87A9-6F91D2C5F398}.Debug|x64.ActiveCfg = Debug|x64
		{D68D07D0-1DDA-4E61-87A9-6F91D2C5F398}.Debug|x64.Build.0 = Debug|x64
		{D68D07D0-1DDA-4E61-87A9-6F91D2C5F398}.Debug|x86.ActiveCfg = Debug|Win32
		{D68D07D0-1DDA-4E61-87A9-6F91D2C5F398}.Debug|x86.Build.0 = Debug|Win32
		{D68D07D0-1DDA-4E61-87A9-6F91D2C5F398}.Release|x64.ActiveCfg = Release|x64
		{D68D07D0-1DDA-4E61-87A9-6F91D2C5F398}.Release|x64.Build.0 = Release|x64
		{D68D07D0-1DDA-4E61-87A9-6F91D2C5F398}.Release|x86.ActiveCfg = Release|Win32
		{D68D07D0-1DDA-4E61-87A9-6F91D2C5F398}.Release|x86.Build.0 = Release|Win32
		{D08B7B04-CD0E-46CA-BD75-5CB677BAA40C}.Debug|x64.ActiveCfg = Debug|x64
		{D08B7B04-CD0E-46CA-BD75-5CB677BAA40C}.Debug|x64.Build.0 = Debug|x64
		{D08B7B04-CD0E-46CA-BD75-5CB677BAA40C}.Debug|x86.ActiveCfg = Debug|Win32
		{D08B7B04-CD0E-46CA-BD75-5CB677BAA40C}.Debug|x86.Build.0 = Debug|Win32
		{D08B7B04-CD0E-46CA-BD75-5CB677BAA40C}.Release|x64.ActiveCfg = Release|x64
		{D08B7B04-CD0E-46CA-BD75-5CB677BAA40C}.Release|x64.Build.0 = Release|x64
		{D08B7B04-CD0E-46CA-BD75-5CB677BAA40C}.Release|x86.ActiveCfg = Release|Win32
		{D08B7B04-CD0E-46CA-BD75-5CB677BAA40C}.Release|x86.Build.0 = Release|Win32
		{2C26D38C-352B-4D51-B905-AC7A45B3FA87}.Debug|x64.ActiveCfg = Debug|x64
		{2C26D38C-352B-4D51-B905-AC7A45B3FA87}.Debug|x64.Build.0 = Debug|x64
		{2C26D38C-352B-4D51-B905-AC7A45B3FA87}.Debug|x86.ActiveCfg = Debug|Win32
		{2C26D38C-352B-4D51-B905-AC7A45B3FA87}.Debug|x86.Build.0 = Debug|Win32
		{2C26D38C-352B-4D51-B905-AC7A45B3FA87}.Release|x64.ActiveCfg = Release|x64
		{2C26D38C-352B-4D51-B905-AC7A45B3FA87}.Release|x64.Build.0 = Release|x64
		{2C26D38C-352B-4D51-B905-AC7A45B3FA87}.Release|x86.ActiveCfg = Release|Win32
		{2C26D38C-352B-4D51-B905-AC7A45B3FA87}.Release|x86.Build.0 = Release|Win32
		{046E3CE4-94F2-4776-92EB-06EEB1E2AD6F}.Debug|x64.ActiveCfg = Debug|x64
		{046E3CE4-94F2-4776-92EB-06EEB1E2AD6F}.Debug|x64.Build.0 = Debug|x64
		{046E3CE4-94F2-4776-92EB-06EEB1E2AD6F}.Debug|x86.ActiveCfg = Debug|Win32
		{046E3CE4-94F2-4776-92EB-06EEB1E2AD6F}.Debug|x86.Build.0 = Debug|Win32
		{046E3CE4-94F2-4776-92EB-06EEB1E2AD6F}.Release|x64.ActiveCfg = Release|x64
		{046E3CE4-94F2-4776-92EB-06EEB1E2AD6F}.Release|x64.Build.0 = Release|x64
		{046E3CE4-94F2-4776-92EB-06EEB1E2AD6F}.Release|x86.ActiveCfg = Release|Win32
		{046E3CE4-94F2-4776-92EB-06EEB1E2AD6F}.Release|x86.Build.0 = Release|Win32
		{10212593-28F7-4778-A1D4-621CF5467214}.Debug|x64.ActiveCfg = Debug|x64
		{10212593-28F7-4778-A1D4-621CF5467214}.Debug|x64.Build.0 = Debug|x64
		{10212593-28F7-4778-A1D4-621CF5467214}.Debug|x86.ActiveCfg = Debug|Win32
		{10212593-28F7-4778-A1D4-621CF5467214}.Debug|x86.Build.0 = Debug|Win32
		{10212593-28F7-4778-A1D4-621CF5467214}.Release|x64.ActiveCfg = Release|x64
		{10212593-28F7-4778-A1D4-621CF5467214}.Release|x64.Build.0 = Release|x64
		{10212593-28F7-4778-A1D4-621CF5467214}.Release|x86.ActiveCfg = Release|Win32
		{10212593-28F7-4778-A1D4-621CF5467214}.Release|x86.Build.0 = Release|Win32
		{72471537-FCE8-4DF4-B9CD-BB5A4F5B85C2}.Debug|x64.ActiveCfg = Debug|x64
		{72471537-FCE8-4DF4-B9CD-BB5A4F5B85C2}.Debug|x64.Build.0 = Debug|x64
		{72471537-FCE8-4DF4-B9CD-BB5A4F5B85C2}.Debug|x86.ActiveCfg = Debug|Win32
		{72471537-FCE8-4DF4-B9CD-BB5A4F5B85C2}.Debug|x86.Build.0 = Debug|Win32
		{72471537-FCE8-4DF4-B9CD-BB5A4F5B85C2}.Release|x64.ActiveCfg = Release|x64
		{72471537-FCE8-4DF4-B9CD-BB5A4F5B85C2}.Release|x64.Build.0 = Release|x64
		{72471537-FCE8-4DF4-B9CD-BB5A4F5B85C2}.Release|x86.ActiveCfg = Release|Win32
		{72471537-FCE8-4DF4-B9CD-BB5A4F5B85C2}.Release|x86.Build.0 = Release|Win32
		{F32D1D8F-F38D-4C66-95F1-C4CAC2288783}.Debug|x64.ActiveCfg = Debug|x64
		{F32D1D8F-F38D-4C66-95F1-C4CAC2288783}.Debug|x64.Build.0 = Debug|x64
		{F32D1D8F-F38D-4C66-95F1-C4CAC2288783}.Debug|x86.ActiveCfg = Debug|Win32
		{F32D1D8F-F38D-4C66-95F1-C4CAC2288783}.Debug|x86.Build.0 = Debug|Win32
		{F32D1D8F-F38D-4C66-95F1-C4CAC2288783}.Release|x64.ActiveCfg = Release|x64
		{F32D1D8F-F38D-4C66-95F1-C4CAC2288783}.Release|x64.Build.0 = Release|x64
		{F32D1D8F-F38D-4C66-95F1-C4CAC2288783}.Release|x86.ActiveCfg = Release|Win32
		{F32D1D8F-F38D-4C66-95F1-C4CAC2288783}.Release|x86.Build.0 = Release|Win32
		{135B18B8-5D05-4A30-90D5-2B8E1021ACFC}.Debug|x64.ActiveCfg = Debug|x64
		{135B18B8-5D05-4A30-90D5-2B8E1021ACFC}.Debug|x64.Build.0 = Debug|x64
		{135B18B8-5D05-4A30-90D5-2B8E1021ACFC}.Debug|x86.ActiveCfg = Debug|Win32
		{135B18B8-5D05-4A30-90D5-2B8E1021ACFC}.Debug|x86.Build.0 = Debug|Win32
		{135B18B8-5D05-4A30-90D5-2B8E1021ACFC}.Release|x64.ActiveCfg = Release|x64
		{135B18B8-5D05-4A30-90D5-2B8E1021ACFC}.Release|x64.Build.0 = Release|x64
		{135B18B8-5D05-4A30-90D5-2B8E1021ACFC}.Release|x86.ActiveCfg = Release|Win32
		{135B18B8-5D05-4A30-90D5-2B8E1021ACFC}.Release|x86.Build.0 = Release|Win32
		{B55C384C-9FFA-4464-AE4A-9073414A470E}.Debug|x64.ActiveCfg = Debug|x64
		{B55C384C-9FFA-4464-AE4A-9073414A470E}.Debug|x64.Build.0 = Debug|x64
		{B55C384C-9FFA-4464-AE4A-9073414A470E}.Debug|x86.ActiveCfg = Debug|Win32
		{B55C384C-9FFA-4464-AE4A-9073414A470E}.Debug|x86.Build.0 = Debug|Win32
		{B55C384C-9FFA-4464-AE4A-9073414A470E}.Release|x64.ActiveCfg = Release|x64
		{B55C384C-9FFA-4464-AE4A-9073414A470E}.Release|x64.Build.0 = Release|x64
		{B55C384C-9FFA-4464-AE4A-9073414A470E}.Release|x86.ActiveCfg = Release|Win32
		{B55C384C-9FFA-4464-AE4A-9073414A470E}.Release|x86.Build.0 = Release|Win32
	EndGlobalSection
	GlobalSection(SolutionProperties) = preSolution
		HideSolutionNode = FALSE
	EndGlobalSection
EndGlobal
